<?xml version="1.0" encoding="utf-8"?>
<Project ToolsVersion="4.0" xmlns="http://schemas.microsoft.com/developer/msbuild/2003">
  <ItemGroup>
    <Filter Include="Editor">
      <UniqueIdentifier>{997336f8-de87-4b60-91a1-746b42152ab8}</UniqueIdentifier>
    </Filter>
    <Filter Include="Objects">
      <UniqueIdentifier>{45bed265-35af-4c04-baa0-03d26b16c69c}</UniqueIdentifier>
    </Filter>
    <Filter Include="DearImgui">
      <UniqueIdentifier>{0333d53e-cf69-43bb-85fb-38e6ca1b6983}</UniqueIdentifier>
    </Filter>
  </ItemGroup>
  <ItemGroup>
    <ClInclude Include="$(MSBuildThisFileDirectory)guiEditor.h">
      <Filter>Editor</Filter>
    </ClInclude>
    <ClInclude Include="$(MSBuildThisFileDirectory)guiWidget.h">
      <Filter>Objects</Filter>
    </ClInclude>
    <ClInclude Include="$(MSBuildThisFileDirectory)guiEditorObject.h">
      <Filter>Objects</Filter>
    </ClInclude>
    <ClInclude Include="$(MSBuildThisFileDirectory)guiDebugObject.h">
      <Filter>Objects</Filter>
    </ClInclude>
    <ClInclude Include="$(MSBuildThisFileDirectory)imconfig.h">
      <Filter>DearImgui</Filter>
    </ClInclude>
    <ClInclude Include="$(MSBuildThisFileDirectory)imgui.h">
      <Filter>DearImgui</Filter>
    </ClInclude>
    <ClInclude Include="$(MSBuildThisFileDirectory)imgui_impl_dx11.h">
      <Filter>DearImgui</Filter>
    </ClInclude>
    <ClInclude Include="$(MSBuildThisFileDirectory)imgui_impl_win32.h">
      <Filter>DearImgui</Filter>
    </ClInclude>
    <ClInclude Include="$(MSBuildThisFileDirectory)imgui_internal.h">
      <Filter>DearImgui</Filter>
    </ClInclude>
  </ItemGroup>
  <ItemGroup>
    <ClCompile Include="$(MSBuildThisFileDirectory)guiEditor.cpp">
      <Filter>Editor</Filter>
    </ClCompile>
    <ClCompile Include="$(MSBuildThisFileDirectory)guiEditorObject.cpp">
      <Filter>Objects</Filter>
    </ClCompile>
    <ClCompile Include="$(MSBuildThisFileDirectory)guiDebugObject.cpp">
      <Filter>Objects</Filter>
    </ClCompile>
    <ClCompile Include="$(MSBuildThisFileDirectory)imgui.cpp">
      <Filter>DearImgui</Filter>
    </ClCompile>
    <ClCompile Include="$(MSBuildThisFileDirectory)imgui_demo.cpp">
      <Filter>DearImgui</Filter>
    </ClCompile>
    <ClCompile Include="$(MSBuildThisFileDirectory)imgui_draw.cpp">
      <Filter>DearImgui</Filter>
    </ClCompile>
    <ClCompile Include="$(MSBuildThisFileDirectory)imgui_impl_dx11.cpp">
      <Filter>DearImgui</Filter>
    </ClCompile>
    <ClCompile Include="$(MSBuildThisFileDirectory)imgui_impl_win32.cpp">
      <Filter>DearImgui</Filter>
    </ClCompile>
    <ClCompile Include="$(MSBuildThisFileDirectory)imgui_tables.cpp">
      <Filter>DearImgui</Filter>
    </ClCompile>
    <ClCompile Include="$(MSBuildThisFileDirectory)imgui_widgets.cpp">
      <Filter>DearImgui</Filter>
    </ClCompile>
  </ItemGroup>
</Project>