<?xml version="1.0" encoding="utf-8"?>
<Project ToolsVersion="4.0" xmlns="http://schemas.microsoft.com/developer/msbuild/2003">
  <ItemGroup>
    <Filter Include="Editor">
      <UniqueIdentifier>{997336f8-de87-4b60-91a1-746b42152ab8}</UniqueIdentifier>
    </Filter>
    <Filter Include="Objects">
      <UniqueIdentifier>{45bed265-35af-4c04-baa0-03d26b16c69c}</UniqueIdentifier>
    </Filter>
  </ItemGroup>
  <ItemGroup>
    <ClInclude Include="$(MSBuildThisFileDirectory)guiEditor.h">
      <Filter>Editor</Filter>
    </ClInclude>
    <ClInclude Include="$(MSBuildThisFileDirectory)guiWidget.h">
      <Filter>Objects</Filter>
    </ClInclude>
    <ClInclude Include="$(MSBuildThisFileDirectory)guiEditorObject.h">
      <Filter>Objects</Filter>
    </ClInclude>
    <ClInclude Include="$(MSBuildThisFileDirectory)guiDebugObject.h">
      <Filter>Objects</Filter>
    </ClInclude>
  </ItemGroup>
  <ItemGroup>
    <ClCompile Include="$(MSBuildThisFileDirectory)guiEditor.cpp">
      <Filter>Editor</Filter>
    </ClCompile>
    <ClCompile Include="$(MSBuildThisFileDirectory)guiEditorObject.cpp">
      <Filter>Objects</Filter>
    </ClCompile>
    <ClCompile Include="$(MSBuildThisFileDirectory)guiDebugObject.cpp">
      <Filter>Objects</Filter>
    </ClCompile>
  </ItemGroup>
</Project>