<?xml version="1.0" encoding="utf-8"?>
<Project ToolsVersion="4.0" xmlns="http://schemas.microsoft.com/developer/msbuild/2003">
  <ItemGroup>
    <Filter Include="소스 파일">
      <UniqueIdentifier>{4FC737F1-C7A5-4376-A066-2A32D752A2FF}</UniqueIdentifier>
      <Extensions>cpp;c;cc;cxx;c++;cppm;ixx;def;odl;idl;hpj;bat;asm;asmx</Extensions>
    </Filter>
    <Filter Include="헤더 파일">
      <UniqueIdentifier>{93995380-89BD-4b04-88EB-625FBE52EBFB}</UniqueIdentifier>
      <Extensions>h;hh;hpp;hxx;h++;hm;inl;inc;ipp;xsd</Extensions>
    </Filter>
    <Filter Include="리소스 파일">
      <UniqueIdentifier>{67DA6AB6-F800-4c08-8B7A-83BB121AAD01}</UniqueIdentifier>
      <Extensions>rc;ico;cur;bmp;dlg;rc2;rct;bin;rgs;gif;jpg;jpeg;jpe;resx;tiff;tif;png;wav;mfcribbon-ms</Extensions>
    </Filter>
    <Filter Include="Load">
      <UniqueIdentifier>{32f3f182-b4d8-478a-868f-7e79fb502688}</UniqueIdentifier>
    </Filter>
    <Filter Include="Scenes">
      <UniqueIdentifier>{af698439-30ff-4d0a-b561-067215446954}</UniqueIdentifier>
    </Filter>
    <Filter Include="Objects">
      <UniqueIdentifier>{b830c822-eefd-4169-b782-76494287e4fa}</UniqueIdentifier>
    </Filter>
    <Filter Include="Objects\Creature">
      <UniqueIdentifier>{f1d6c165-77b1-4600-bcad-69546ff9a36c}</UniqueIdentifier>
    </Filter>
    <Filter Include="Global">
      <UniqueIdentifier>{b9cf5647-e53a-4021-b1cf-90426a34c88b}</UniqueIdentifier>
    </Filter>
    <Filter Include="Objects\Camera">
      <UniqueIdentifier>{c2a9dbb2-d7e7-4d07-8cb8-8b3c24bfd115}</UniqueIdentifier>
    </Filter>
    <Filter Include="Objects\UI">
      <UniqueIdentifier>{aebb06b9-71cf-448f-8710-95316a16a433}</UniqueIdentifier>
    </Filter>
    <Filter Include="Scenes\01 Title">
      <UniqueIdentifier>{bf1f998b-abd5-4e70-bed1-8dbbca8a7d96}</UniqueIdentifier>
    </Filter>
    <Filter Include="Scenes\02 Town">
      <UniqueIdentifier>{bb7678ff-cc4e-49eb-ba3b-05f6c62dbdf7}</UniqueIdentifier>
    </Filter>
    <Filter Include="Scenes\03 Dungeon">
      <UniqueIdentifier>{93894b0e-6b73-42aa-81ce-841f1733fc11}</UniqueIdentifier>
    </Filter>
    <Filter Include="Objects\UI\Cursor">
      <UniqueIdentifier>{11c52a41-4699-4397-bff7-ea4dd622bf72}</UniqueIdentifier>
    </Filter>
    <Filter Include="Objects\UI\base">
      <UniqueIdentifier>{642355b9-3b93-404e-a2d5-b20318656b2d}</UniqueIdentifier>
    </Filter>
    <Filter Include="Objects\UI\Button">
      <UniqueIdentifier>{cdf0a855-2657-4a1e-855f-98689970913a}</UniqueIdentifier>
    </Filter>
    <Filter Include="Objects\UI\Grid">
      <UniqueIdentifier>{63de9362-d756-4b7c-b91c-43466ecce595}</UniqueIdentifier>
    </Filter>
    <Filter Include="Objects\UI\HUD">
      <UniqueIdentifier>{4192a0bb-a2e4-40a7-a284-769087984226}</UniqueIdentifier>
    </Filter>
    <Filter Include="Objects\Inventory">
      <UniqueIdentifier>{ea11053a-df54-4bba-a85f-6a2a4a5fcc46}</UniqueIdentifier>
    </Filter>
    <Filter Include="Objects\UI\Layer%28BG%29">
      <UniqueIdentifier>{267b491d-17d6-4e15-9f5d-fd11280f69ad}</UniqueIdentifier>
    </Filter>
    <Filter Include="Objects\Creature\Player">
      <UniqueIdentifier>{0aa2b072-1be2-4d95-a0e1-9a8feb3ec3e7}</UniqueIdentifier>
    </Filter>
    <Filter Include="Objects\Creature\Monster">
      <UniqueIdentifier>{a6fdd62c-9e2f-44cc-bcd0-8fa27098adaf}</UniqueIdentifier>
    </Filter>
    <Filter Include="Objects\Creature\Monster\Skel">
      <UniqueIdentifier>{f178a37d-bc73-4a5a-9021-f616faca9fc4}</UniqueIdentifier>
    </Filter>
    <Filter Include="Objects\Creature\Monster\SkellBoss">
      <UniqueIdentifier>{d6d4c006-4444-4d83-8954-e28b06655882}</UniqueIdentifier>
    </Filter>
    <Filter Include="Objects\Creature\Monster\Banshee">
      <UniqueIdentifier>{2314c23d-a3be-43c3-bd1d-d55791fb0612}</UniqueIdentifier>
    </Filter>
    <Filter Include="Objects\Creature\Monster\0 Base">
      <UniqueIdentifier>{895fa221-325a-4857-b9be-6bc1c8382217}</UniqueIdentifier>
    </Filter>
    <Filter Include="Objects\Creature\Effect">
      <UniqueIdentifier>{06f6a52b-f4ec-4386-bd42-84478a8fb1b1}</UniqueIdentifier>
    </Filter>
    <Filter Include="Objects\Creature\Projectile">
      <UniqueIdentifier>{9b6f2395-2724-4804-93c4-084a1d419492}</UniqueIdentifier>
    </Filter>
    <Filter Include="Objects\Creature\0 BaseScript">
      <UniqueIdentifier>{87088178-c519-4b62-997f-55fcaf3e67c3}</UniqueIdentifier>
    </Filter>
    <Filter Include="Objects\Creature\1 CombatScript">
      <UniqueIdentifier>{67802e73-104e-4dd1-b0e0-9c5db4ec8660}</UniqueIdentifier>
    </Filter>
    <Filter Include="Objects\Creature\2 ActionUnitScript">
      <UniqueIdentifier>{9c4aace8-4121-4244-a6a4-c42b6ffe2e4f}</UniqueIdentifier>
    </Filter>
  </ItemGroup>
  <ItemGroup>
    <ClInclude Include="framework.h">
      <Filter>헤더 파일</Filter>
    </ClInclude>
    <ClInclude Include="daGameDataManager.h">
      <Filter>Global</Filter>
    </ClInclude>
    <ClInclude Include="daCameraObject.h">
      <Filter>Objects\Camera</Filter>
    </ClInclude>
    <ClInclude Include="daCameraScript.h">
      <Filter>Objects\Camera</Filter>
    </ClInclude>
    <ClInclude Include="daLoadScenes.h">
      <Filter>Load</Filter>
    </ClInclude>
    <ClInclude Include="daScene_Title.h">
      <Filter>Scenes\01 Title</Filter>
    </ClInclude>
    <ClInclude Include="daScene_Town.h">
      <Filter>Scenes\02 Town</Filter>
    </ClInclude>
    <ClInclude Include="daButtonScript.h">
      <Filter>Objects\UI\Button</Filter>
    </ClInclude>
    <ClInclude Include="daCursorScript.h">
      <Filter>Objects\UI\Cursor</Filter>
    </ClInclude>
    <ClInclude Include="daInventoryScript.h">
      <Filter>Objects\Inventory</Filter>
    </ClInclude>
    <ClInclude Include="daUIObject.h">
      <Filter>Objects\UI\base</Filter>
    </ClInclude>
    <ClInclude Include="daUIScript.h">
      <Filter>Objects\UI\base</Filter>
    </ClInclude>
    <ClInclude Include="daGridScript.h">
      <Filter>Objects\UI\Grid</Filter>
    </ClInclude>
    <ClInclude Include="daItemScript.h">
      <Filter>Objects\Inventory</Filter>
    </ClInclude>
    <ClInclude Include="daLifeBarScript.h">
      <Filter>Objects\UI\HUD</Filter>
    </ClInclude>
    <ClInclude Include="daLayerScript.h">
      <Filter>Objects\UI\Layer%28BG%29</Filter>
    </ClInclude>
    <ClInclude Include="daSubCameraScript.h">
      <Filter>Objects\Camera</Filter>
    </ClInclude>
    <ClInclude Include="daScene_Dungeon1F_Stage1.h">
      <Filter>Scenes\03 Dungeon</Filter>
    </ClInclude>
    <ClInclude Include="daScene_Dungeon2F_Stage1.h">
      <Filter>Scenes\03 Dungeon</Filter>
    </ClInclude>
    <ClInclude Include="daScene_Dungeon2F_Stage2.h">
      <Filter>Scenes\03 Dungeon</Filter>
    </ClInclude>
    <ClInclude Include="daArmourScript.h">
      <Filter>Objects\UI\HUD</Filter>
    </ClInclude>
    <ClInclude Include="daPlayerScript.h">
      <Filter>Objects\Creature\Player</Filter>
    </ClInclude>
    <ClInclude Include="daAttackEffectScript.h">
      <Filter>Objects\Creature\Player</Filter>
    </ClInclude>
    <ClInclude Include="daPlayerEffectScript.h">
      <Filter>Objects\Creature\Player</Filter>
    </ClInclude>
    <ClInclude Include="daSkelScript.h">
      <Filter>Objects\Creature\Monster\Skel</Filter>
    </ClInclude>
    <ClInclude Include="daEffectScript.h">
      <Filter>Objects\Creature\Effect</Filter>
    </ClInclude>
    <ClInclude Include="daEffectEnemyScript.h">
      <Filter>Objects\Creature\Monster\0 Base</Filter>
    </ClInclude>
    <ClInclude Include="daCreatureLifebarScript.h">
      <Filter>Objects\Creature\Monster\0 Base</Filter>
    </ClInclude>
    <ClInclude Include="daSkellBossScript.h">
      <Filter>Objects\Creature\Monster\SkellBoss</Filter>
    </ClInclude>
    <ClInclude Include="daPlayerCombatScript.h">
      <Filter>Objects\Creature\Player</Filter>
    </ClInclude>
    <ClInclude Include="daScene_Dungeon1F_Stage2.h">
      <Filter>Scenes\03 Dungeon</Filter>
    </ClInclude>
    <ClInclude Include="daScene_Dungeon1F_Stage3.h">
      <Filter>Scenes\03 Dungeon</Filter>
    </ClInclude>
    <ClInclude Include="dalProjectileScript.h">
      <Filter>Objects\Creature\Projectile</Filter>
    </ClInclude>
    <ClInclude Include="daPlayerProjectileScript.h">
      <Filter>Objects\Creature\Player</Filter>
    </ClInclude>
    <ClInclude Include="daCreatureScript.h">
      <Filter>Objects\Creature\0 BaseScript</Filter>
    </ClInclude>
    <ClInclude Include="daMonsterScript.h">
      <Filter>Objects\Creature\Monster\0 Base</Filter>
    </ClInclude>
    <ClInclude Include="daCombatScript.h">
      <Filter>Objects\Creature\1 CombatScript</Filter>
    </ClInclude>
    <ClInclude Include="daSkelCombatScript.h">
      <Filter>Objects\Creature\Monster\Skel</Filter>
    </ClInclude>
    <ClInclude Include="daBansheeScript.h">
      <Filter>Objects\Creature\Monster\Banshee</Filter>
    </ClInclude>
    <ClInclude Include="daBansheeCombatScript.h">
      <Filter>Objects\Creature\Monster\Banshee</Filter>
    </ClInclude>
    <ClInclude Include="daBansheeAttackEffect.h">
      <Filter>Objects\Creature\Monster\Banshee</Filter>
    </ClInclude>
    <ClInclude Include="daSkellBossHandScript.h">
      <Filter>Objects\Creature\Monster\SkellBoss</Filter>
    </ClInclude>
    <ClInclude Include="daSkellBossProjectileScript.h">
      <Filter>Objects\Creature\Monster\SkellBoss</Filter>
    </ClInclude>
    <ClInclude Include="daActionUnitScript.h">
      <Filter>Objects\Creature\2 ActionUnitScript</Filter>
    </ClInclude>
    <ClInclude Include="daPlayerActionUnitScript.h">
      <Filter>Objects\Creature\Player</Filter>
    </ClInclude>
  </ItemGroup>
  <ItemGroup>
    <ClCompile Include="David Engine.cpp">
      <Filter>소스 파일</Filter>
    </ClCompile>
    <ClCompile Include="daGameDataManager.cpp">
      <Filter>Global</Filter>
    </ClCompile>
    <ClCompile Include="daCameraObject.cpp">
      <Filter>Objects\Camera</Filter>
    </ClCompile>
    <ClCompile Include="daCameraScript.cpp">
      <Filter>Objects\Camera</Filter>
    </ClCompile>
    <ClCompile Include="daScene_Title.cpp">
      <Filter>Scenes\01 Title</Filter>
    </ClCompile>
    <ClCompile Include="daScene_Town.cpp">
      <Filter>Scenes\02 Town</Filter>
    </ClCompile>
    <ClCompile Include="daButtonScript.cpp">
      <Filter>Objects\UI\Button</Filter>
    </ClCompile>
    <ClCompile Include="daCursorScript.cpp">
      <Filter>Objects\UI\Cursor</Filter>
    </ClCompile>
    <ClCompile Include="daInventoryScript.cpp">
      <Filter>Objects\Inventory</Filter>
    </ClCompile>
    <ClCompile Include="daUIObject.cpp">
      <Filter>Objects\UI\base</Filter>
    </ClCompile>
    <ClCompile Include="daUIScript.cpp">
      <Filter>Objects\UI\base</Filter>
    </ClCompile>
    <ClCompile Include="daGridScript.cpp">
      <Filter>Objects\UI\Grid</Filter>
    </ClCompile>
    <ClCompile Include="daItemScript.cpp">
      <Filter>Objects\Inventory</Filter>
    </ClCompile>
    <ClCompile Include="daLifeBarScript.cpp">
      <Filter>Objects\UI\HUD</Filter>
    </ClCompile>
    <ClCompile Include="daDashCountScript.cpp">
      <Filter>Objects\UI\HUD</Filter>
    </ClCompile>
    <ClCompile Include="daLayerScript.cpp">
      <Filter>Objects\UI\Layer%28BG%29</Filter>
    </ClCompile>
    <ClCompile Include="daSubCameraScript.cpp">
      <Filter>Objects\Camera</Filter>
    </ClCompile>
    <ClCompile Include="daScene_Dungeon1F_Stage1.cpp">
      <Filter>Scenes\03 Dungeon</Filter>
    </ClCompile>
    <ClCompile Include="daScene_Dungeon2F_Stage1.cpp">
      <Filter>Scenes\03 Dungeon</Filter>
    </ClCompile>
    <ClCompile Include="daScene_Dungeon2F_Stage2.cpp">
      <Filter>Scenes\03 Dungeon</Filter>
    </ClCompile>
    <ClCompile Include="daArmourScript.cpp">
      <Filter>Objects\UI\HUD</Filter>
    </ClCompile>
    <ClCompile Include="daPlayerScript.cpp">
      <Filter>Objects\Creature\Player</Filter>
    </ClCompile>
    <ClCompile Include="daPlayerEffectScript.cpp">
      <Filter>Objects\Creature\Player</Filter>
    </ClCompile>
    <ClCompile Include="daAttackEffectScript.cpp">
      <Filter>Objects\Creature\Player</Filter>
    </ClCompile>
    <ClCompile Include="daSkelScript.cpp">
      <Filter>Objects\Creature\Monster\Skel</Filter>
    </ClCompile>
    <ClCompile Include="daEffectScript.cpp">
      <Filter>Objects\Creature\Effect</Filter>
    </ClCompile>
    <ClCompile Include="daEffectEnemyScript.cpp">
      <Filter>Objects\Creature\Monster\0 Base</Filter>
    </ClCompile>
    <ClCompile Include="daCreatureLifebarScript.cpp">
      <Filter>Objects\Creature\Monster\0 Base</Filter>
    </ClCompile>
    <ClCompile Include="daSkellBossScript.cpp">
      <Filter>Objects\Creature\Monster\SkellBoss</Filter>
    </ClCompile>
    <ClCompile Include="daPlayerCombatScript.cpp">
      <Filter>Objects\Creature\Player</Filter>
    </ClCompile>
    <ClCompile Include="daScene_Dungeon1F_Stage3.cpp">
      <Filter>Scenes\03 Dungeon</Filter>
    </ClCompile>
    <ClCompile Include="daScene_Dungeon1F_Stage2.cpp">
      <Filter>Scenes\03 Dungeon</Filter>
    </ClCompile>
    <ClCompile Include="dalProjectileScript.cpp">
      <Filter>Objects\Creature\Projectile</Filter>
    </ClCompile>
    <ClCompile Include="daPlayerProjectileScript.cpp">
      <Filter>Objects\Creature\Player</Filter>
    </ClCompile>
    <ClCompile Include="daCreatureScript.cpp">
      <Filter>Objects\Creature\0 BaseScript</Filter>
    </ClCompile>
    <ClCompile Include="daMonsterScript.cpp">
      <Filter>Objects\Creature\Monster\0 Base</Filter>
    </ClCompile>
    <ClCompile Include="daCombatScript.cpp">
      <Filter>Objects\Creature\1 CombatScript</Filter>
    </ClCompile>
    <ClCompile Include="daSkelCombatScript.cpp">
      <Filter>Objects\Creature\Monster\Skel</Filter>
    </ClCompile>
    <ClCompile Include="daBansheeScript.cpp">
      <Filter>Objects\Creature\Monster\Banshee</Filter>
    </ClCompile>
    <ClCompile Include="daBansheeCombatScript.cpp">
      <Filter>Objects\Creature\Monster\Banshee</Filter>
    </ClCompile>
    <ClCompile Include="daBansheeAttackEffect.cpp">
      <Filter>Objects\Creature\Monster\Banshee</Filter>
    </ClCompile>
    <ClCompile Include="daSkellBossHandScript.cpp">
      <Filter>Objects\Creature\Monster\SkellBoss</Filter>
    </ClCompile>
    <ClCompile Include="daSkellBossProjectileScript.cpp">
      <Filter>Objects\Creature\Monster\SkellBoss</Filter>
    </ClCompile>
    <ClCompile Include="daActionUnitScript.cpp">
      <Filter>Objects\Creature\2 ActionUnitScript</Filter>
    </ClCompile>
    <ClCompile Include="daPlayerActionUnitScript.cpp">
      <Filter>Objects\Creature\Player</Filter>
    </ClCompile>
  </ItemGroup>
  <ItemGroup>
    <None Include="daDashCountScript.h">
      <Filter>Objects\UI\HUD</Filter>
    </None>
  </ItemGroup>
</Project>