<?xml version="1.0" encoding="utf-8"?>
<Project ToolsVersion="4.0" xmlns="http://schemas.microsoft.com/developer/msbuild/2003">
  <ItemGroup>
    <Filter Include="소스 파일">
      <UniqueIdentifier>{4FC737F1-C7A5-4376-A066-2A32D752A2FF}</UniqueIdentifier>
      <Extensions>cpp;c;cc;cxx;c++;cppm;ixx;def;odl;idl;hpj;bat;asm;asmx</Extensions>
    </Filter>
    <Filter Include="헤더 파일">
      <UniqueIdentifier>{93995380-89BD-4b04-88EB-625FBE52EBFB}</UniqueIdentifier>
      <Extensions>h;hh;hpp;hxx;h++;hm;inl;inc;ipp;xsd</Extensions>
    </Filter>
    <Filter Include="리소스 파일">
      <UniqueIdentifier>{67DA6AB6-F800-4c08-8B7A-83BB121AAD01}</UniqueIdentifier>
      <Extensions>rc;ico;cur;bmp;dlg;rc2;rct;bin;rgs;gif;jpg;jpeg;jpe;resx;tiff;tif;png;wav;mfcribbon-ms</Extensions>
    </Filter>
    <Filter Include="Load">
      <UniqueIdentifier>{32f3f182-b4d8-478a-868f-7e79fb502688}</UniqueIdentifier>
    </Filter>
    <Filter Include="Scenes">
      <UniqueIdentifier>{af698439-30ff-4d0a-b561-067215446954}</UniqueIdentifier>
    </Filter>
    <Filter Include="Objects">
      <UniqueIdentifier>{b830c822-eefd-4169-b782-76494287e4fa}</UniqueIdentifier>
    </Filter>
    <Filter Include="Objects\Creature">
      <UniqueIdentifier>{f1d6c165-77b1-4600-bcad-69546ff9a36c}</UniqueIdentifier>
    </Filter>
    <Filter Include="Objects\Projectile">
      <UniqueIdentifier>{9b6f2395-2724-4804-93c4-084a1d419492}</UniqueIdentifier>
    </Filter>
    <Filter Include="Global">
      <UniqueIdentifier>{b9cf5647-e53a-4021-b1cf-90426a34c88b}</UniqueIdentifier>
    </Filter>
    <Filter Include="Objects\Camera">
      <UniqueIdentifier>{c2a9dbb2-d7e7-4d07-8cb8-8b3c24bfd115}</UniqueIdentifier>
    </Filter>
    <Filter Include="Objects\UI">
      <UniqueIdentifier>{aebb06b9-71cf-448f-8710-95316a16a433}</UniqueIdentifier>
    </Filter>
    <Filter Include="Scenes\01 Title">
      <UniqueIdentifier>{bf1f998b-abd5-4e70-bed1-8dbbca8a7d96}</UniqueIdentifier>
    </Filter>
    <Filter Include="Scenes\02 Town">
      <UniqueIdentifier>{bb7678ff-cc4e-49eb-ba3b-05f6c62dbdf7}</UniqueIdentifier>
    </Filter>
    <Filter Include="Scenes\03 Dungeon">
      <UniqueIdentifier>{93894b0e-6b73-42aa-81ce-841f1733fc11}</UniqueIdentifier>
    </Filter>
    <Filter Include="Objects\UI\Cursor">
      <UniqueIdentifier>{11c52a41-4699-4397-bff7-ea4dd622bf72}</UniqueIdentifier>
    </Filter>
    <Filter Include="Objects\UI\base">
      <UniqueIdentifier>{642355b9-3b93-404e-a2d5-b20318656b2d}</UniqueIdentifier>
    </Filter>
    <Filter Include="Objects\UI\Button">
      <UniqueIdentifier>{cdf0a855-2657-4a1e-855f-98689970913a}</UniqueIdentifier>
    </Filter>
    <Filter Include="Objects\UI\Grid">
      <UniqueIdentifier>{63de9362-d756-4b7c-b91c-43466ecce595}</UniqueIdentifier>
    </Filter>
    <Filter Include="Objects\UI\HUD">
      <UniqueIdentifier>{4192a0bb-a2e4-40a7-a284-769087984226}</UniqueIdentifier>
    </Filter>
    <Filter Include="Objects\Inventory">
      <UniqueIdentifier>{ea11053a-df54-4bba-a85f-6a2a4a5fcc46}</UniqueIdentifier>
    </Filter>
    <Filter Include="Objects\Effect">
      <UniqueIdentifier>{06f6a52b-f4ec-4386-bd42-84478a8fb1b1}</UniqueIdentifier>
    </Filter>
    <Filter Include="Objects\Creature\Enemy">
      <UniqueIdentifier>{a6fdd62c-9e2f-44cc-bcd0-8fa27098adaf}</UniqueIdentifier>
    </Filter>
    <Filter Include="Objects\Creature\Player">
      <UniqueIdentifier>{0aa2b072-1be2-4d95-a0e1-9a8feb3ec3e7}</UniqueIdentifier>
    </Filter>
    <Filter Include="Objects\UI\미정%28안씀%29">
      <UniqueIdentifier>{2e8b3b4a-11dc-4060-9060-f12741d5ed99}</UniqueIdentifier>
    </Filter>
    <Filter Include="Objects\UI\Layer%28BG%29">
      <UniqueIdentifier>{267b491d-17d6-4e15-9f5d-fd11280f69ad}</UniqueIdentifier>
    </Filter>
    <Filter Include="Objects\Creature\Enemy\Base">
      <UniqueIdentifier>{895fa221-325a-4857-b9be-6bc1c8382217}</UniqueIdentifier>
    </Filter>
    <Filter Include="Objects\Creature\Enemy\안씀">
      <UniqueIdentifier>{20bd74d1-08fc-44e2-a799-8832af244fd9}</UniqueIdentifier>
    </Filter>
    <Filter Include="Objects\Creature\Enemy\Skel">
      <UniqueIdentifier>{f178a37d-bc73-4a5a-9021-f616faca9fc4}</UniqueIdentifier>
    </Filter>
  </ItemGroup>
  <ItemGroup>
    <ClInclude Include="framework.h">
      <Filter>헤더 파일</Filter>
    </ClInclude>
    <ClInclude Include="daGameDataManager.h">
      <Filter>Global</Filter>
    </ClInclude>
    <ClInclude Include="daProjectileObject.h">
      <Filter>Objects\Projectile</Filter>
    </ClInclude>
    <ClInclude Include="daCameraObject.h">
      <Filter>Objects\Camera</Filter>
    </ClInclude>
    <ClInclude Include="daCameraScript.h">
      <Filter>Objects\Camera</Filter>
    </ClInclude>
    <ClInclude Include="daLoadScenes.h">
      <Filter>Load</Filter>
    </ClInclude>
    <ClInclude Include="daScene_Title.h">
      <Filter>Scenes\01 Title</Filter>
    </ClInclude>
    <ClInclude Include="daScene_Town.h">
      <Filter>Scenes\02 Town</Filter>
    </ClInclude>
    <ClInclude Include="daButtonScript.h">
      <Filter>Objects\UI\Button</Filter>
    </ClInclude>
    <ClInclude Include="daCursorScript.h">
      <Filter>Objects\UI\Cursor</Filter>
    </ClInclude>
    <ClInclude Include="daInventoryScript.h">
      <Filter>Objects\Inventory</Filter>
    </ClInclude>
    <ClInclude Include="daOverlayObject.h">
      <Filter>Objects\UI\미정%28안씀%29</Filter>
    </ClInclude>
    <ClInclude Include="daUIObject.h">
      <Filter>Objects\UI\base</Filter>
    </ClInclude>
    <ClInclude Include="daUIScript.h">
      <Filter>Objects\UI\base</Filter>
    </ClInclude>
    <ClInclude Include="daGridScript.h">
      <Filter>Objects\UI\Grid</Filter>
    </ClInclude>
    <ClInclude Include="daItemScript.h">
      <Filter>Objects\Inventory</Filter>
    </ClInclude>
    <ClInclude Include="daHUDScript.h">
      <Filter>Objects\UI\미정%28안씀%29</Filter>
    </ClInclude>
    <ClInclude Include="daLifeBarScript.h">
      <Filter>Objects\UI\HUD</Filter>
    </ClInclude>
    <ClInclude Include="daLayerScript.h">
      <Filter>Objects\UI\Layer%28BG%29</Filter>
    </ClInclude>
    <ClInclude Include="daSubCameraScript.h">
      <Filter>Objects\Camera</Filter>
    </ClInclude>
    <ClInclude Include="daScene_Dungeon1F_Stage1.h">
      <Filter>Scenes\03 Dungeon</Filter>
    </ClInclude>
    <ClInclude Include="daScene_Dungeon2F_Stage1.h">
      <Filter>Scenes\03 Dungeon</Filter>
    </ClInclude>
    <ClInclude Include="daScene_Dungeon2F_Stage2.h">
      <Filter>Scenes\03 Dungeon</Filter>
    </ClInclude>
    <ClInclude Include="daWeaponScript.h">
      <Filter>Objects\Inventory</Filter>
    </ClInclude>
    <ClInclude Include="daArmourScript.h">
      <Filter>Objects\UI\HUD</Filter>
    </ClInclude>
    <ClInclude Include="daProjectileScript.h">
      <Filter>Objects\Projectile</Filter>
    </ClInclude>
    <ClInclude Include="daPlayerScript.h">
      <Filter>Objects\Creature\Player</Filter>
    </ClInclude>
    <ClInclude Include="daEffectWeaponScript.h">
      <Filter>Objects\Creature\Player</Filter>
    </ClInclude>
    <ClInclude Include="daEffectPlayerScript.h">
      <Filter>Objects\Creature\Player</Filter>
    </ClInclude>
    <ClInclude Include="daEffectScript.h">
      <Filter>Objects\Creature\Player</Filter>
    </ClInclude>
    <ClInclude Include="daCreatureObject.h">
      <Filter>Objects\Creature\Enemy\안씀</Filter>
    </ClInclude>
    <ClInclude Include="daCreatureScript.h">
      <Filter>Objects\Creature\Enemy\Base</Filter>
    </ClInclude>
    <ClInclude Include="daEnemyWeaponScript.h">
      <Filter>Objects\Creature\Enemy\Base</Filter>
    </ClInclude>
  </ItemGroup>
  <ItemGroup>
    <ClCompile Include="David Engine.cpp">
      <Filter>소스 파일</Filter>
    </ClCompile>
    <ClCompile Include="daGameDataManager.cpp">
      <Filter>Global</Filter>
    </ClCompile>
    <ClCompile Include="daProjectileObject.cpp">
      <Filter>Objects\Projectile</Filter>
    </ClCompile>
    <ClCompile Include="daCameraObject.cpp">
      <Filter>Objects\Camera</Filter>
    </ClCompile>
    <ClCompile Include="daCameraScript.cpp">
      <Filter>Objects\Camera</Filter>
    </ClCompile>
    <ClCompile Include="daScene_Title.cpp">
      <Filter>Scenes\01 Title</Filter>
    </ClCompile>
    <ClCompile Include="daScene_Town.cpp">
      <Filter>Scenes\02 Town</Filter>
    </ClCompile>
    <ClCompile Include="daButtonScript.cpp">
      <Filter>Objects\UI\Button</Filter>
    </ClCompile>
    <ClCompile Include="daCursorScript.cpp">
      <Filter>Objects\UI\Cursor</Filter>
    </ClCompile>
    <ClCompile Include="daInventoryScript.cpp">
      <Filter>Objects\Inventory</Filter>
    </ClCompile>
    <ClCompile Include="daOverlayObject.cpp">
      <Filter>Objects\UI\미정%28안씀%29</Filter>
    </ClCompile>
    <ClCompile Include="daUIObject.cpp">
      <Filter>Objects\UI\base</Filter>
    </ClCompile>
    <ClCompile Include="daUIScript.cpp">
      <Filter>Objects\UI\base</Filter>
    </ClCompile>
    <ClCompile Include="daGridScript.cpp">
      <Filter>Objects\UI\Grid</Filter>
    </ClCompile>
    <ClCompile Include="daItemScript.cpp">
      <Filter>Objects\Inventory</Filter>
    </ClCompile>
    <ClCompile Include="daLifeBarScript.cpp">
      <Filter>Objects\UI\HUD</Filter>
    </ClCompile>
    <ClCompile Include="daHUDScript.cpp">
      <Filter>Objects\UI\미정%28안씀%29</Filter>
    </ClCompile>
    <ClCompile Include="daUIManager.cpp">
      <Filter>Objects\UI\미정%28안씀%29</Filter>
    </ClCompile>
    <ClCompile Include="daDashCountScript.cpp">
      <Filter>Objects\UI\HUD</Filter>
    </ClCompile>
    <ClCompile Include="daLayerScript.cpp">
      <Filter>Objects\UI\Layer%28BG%29</Filter>
    </ClCompile>
    <ClCompile Include="daSubCameraScript.cpp">
      <Filter>Objects\Camera</Filter>
    </ClCompile>
    <ClCompile Include="daScene_Dungeon1F_Stage1.cpp">
      <Filter>Scenes\03 Dungeon</Filter>
    </ClCompile>
    <ClCompile Include="daScene_Dungeon2F_Stage1.cpp">
      <Filter>Scenes\03 Dungeon</Filter>
    </ClCompile>
    <ClCompile Include="daScene_Dungeon2F_Stage2.cpp">
      <Filter>Scenes\03 Dungeon</Filter>
    </ClCompile>
    <ClCompile Include="daWeaponScript.cpp">
      <Filter>Objects\Inventory</Filter>
    </ClCompile>
    <ClCompile Include="daArmourScript.cpp">
      <Filter>Objects\UI\HUD</Filter>
    </ClCompile>
    <ClCompile Include="daProjectileScript.cpp">
      <Filter>Objects\Projectile</Filter>
    </ClCompile>
    <ClCompile Include="daPlayerScript.cpp">
      <Filter>Objects\Creature\Player</Filter>
    </ClCompile>
    <ClCompile Include="daEffectPlayerScript.cpp">
      <Filter>Objects\Creature\Player</Filter>
    </ClCompile>
    <ClCompile Include="daEffectScript.cpp">
      <Filter>Objects\Creature\Player</Filter>
    </ClCompile>
    <ClCompile Include="daEffectWeaponScript.cpp">
      <Filter>Objects\Creature\Player</Filter>
    </ClCompile>
    <ClCompile Include="daCreatureObject.cpp">
      <Filter>Objects\Creature\Enemy\안씀</Filter>
    </ClCompile>
    <ClCompile Include="daCreatureScript.cpp">
      <Filter>Objects\Creature\Enemy\Base</Filter>
    </ClCompile>
    <ClCompile Include="daEnemyWeaponScript.cpp">
      <Filter>Objects\Creature\Enemy\Base</Filter>
    </ClCompile>
  </ItemGroup>
  <ItemGroup>
    <None Include="daDashCountScript.h">
      <Filter>Objects\UI\HUD</Filter>
    </None>
  </ItemGroup>
</Project>