<?xml version="1.0" encoding="utf-8"?>
<Project ToolsVersion="4.0" xmlns="http://schemas.microsoft.com/developer/msbuild/2003">
  <ItemGroup>
    <Filter Include="소스 파일">
      <UniqueIdentifier>{4FC737F1-C7A5-4376-A066-2A32D752A2FF}</UniqueIdentifier>
      <Extensions>cpp;c;cc;cxx;c++;cppm;ixx;def;odl;idl;hpj;bat;asm;asmx</Extensions>
    </Filter>
    <Filter Include="헤더 파일">
      <UniqueIdentifier>{93995380-89BD-4b04-88EB-625FBE52EBFB}</UniqueIdentifier>
      <Extensions>h;hh;hpp;hxx;h++;hm;inl;inc;ipp;xsd</Extensions>
    </Filter>
    <Filter Include="리소스 파일">
      <UniqueIdentifier>{67DA6AB6-F800-4c08-8B7A-83BB121AAD01}</UniqueIdentifier>
      <Extensions>rc;ico;cur;bmp;dlg;rc2;rct;bin;rgs;gif;jpg;jpeg;jpe;resx;tiff;tif;png;wav;mfcribbon-ms</Extensions>
    </Filter>
    <Filter Include="Load">
      <UniqueIdentifier>{32f3f182-b4d8-478a-868f-7e79fb502688}</UniqueIdentifier>
    </Filter>
    <Filter Include="Scenes">
      <UniqueIdentifier>{af698439-30ff-4d0a-b561-067215446954}</UniqueIdentifier>
    </Filter>
    <Filter Include="Objects">
      <UniqueIdentifier>{b830c822-eefd-4169-b782-76494287e4fa}</UniqueIdentifier>
    </Filter>
    <Filter Include="Objects\Creature">
      <UniqueIdentifier>{f1d6c165-77b1-4600-bcad-69546ff9a36c}</UniqueIdentifier>
    </Filter>
    <Filter Include="Objects\Projectile">
      <UniqueIdentifier>{9b6f2395-2724-4804-93c4-084a1d419492}</UniqueIdentifier>
    </Filter>
    <Filter Include="Global">
      <UniqueIdentifier>{b9cf5647-e53a-4021-b1cf-90426a34c88b}</UniqueIdentifier>
    </Filter>
    <Filter Include="Objects\Camera">
      <UniqueIdentifier>{c2a9dbb2-d7e7-4d07-8cb8-8b3c24bfd115}</UniqueIdentifier>
    </Filter>
    <Filter Include="Objects\UI">
      <UniqueIdentifier>{aebb06b9-71cf-448f-8710-95316a16a433}</UniqueIdentifier>
    </Filter>
    <Filter Include="Scenes\01 Title">
      <UniqueIdentifier>{bf1f998b-abd5-4e70-bed1-8dbbca8a7d96}</UniqueIdentifier>
    </Filter>
    <Filter Include="Scenes\02 Town">
      <UniqueIdentifier>{bb7678ff-cc4e-49eb-ba3b-05f6c62dbdf7}</UniqueIdentifier>
    </Filter>
    <Filter Include="Scenes\03 Dungeon">
      <UniqueIdentifier>{93894b0e-6b73-42aa-81ce-841f1733fc11}</UniqueIdentifier>
    </Filter>
    <Filter Include="Objects\UI\Cursor">
      <UniqueIdentifier>{11c52a41-4699-4397-bff7-ea4dd622bf72}</UniqueIdentifier>
    </Filter>
    <Filter Include="Objects\UI\Inventory">
      <UniqueIdentifier>{ea11053a-df54-4bba-a85f-6a2a4a5fcc46}</UniqueIdentifier>
    </Filter>
    <Filter Include="Objects\UI\미정">
      <UniqueIdentifier>{2e8b3b4a-11dc-4060-9060-f12741d5ed99}</UniqueIdentifier>
    </Filter>
    <Filter Include="Objects\UI\base">
      <UniqueIdentifier>{642355b9-3b93-404e-a2d5-b20318656b2d}</UniqueIdentifier>
    </Filter>
    <Filter Include="Objects\UI\Button">
      <UniqueIdentifier>{cdf0a855-2657-4a1e-855f-98689970913a}</UniqueIdentifier>
    </Filter>
    <Filter Include="Objects\UI\Grid">
      <UniqueIdentifier>{63de9362-d756-4b7c-b91c-43466ecce595}</UniqueIdentifier>
    </Filter>
  </ItemGroup>
  <ItemGroup>
    <ClInclude Include="framework.h">
      <Filter>헤더 파일</Filter>
    </ClInclude>
    <ClInclude Include="daGameManager.h">
      <Filter>Global</Filter>
    </ClInclude>
    <ClInclude Include="daCreatureObject.h">
      <Filter>Objects\Creature</Filter>
    </ClInclude>
    <ClInclude Include="daProjectileObject.h">
      <Filter>Objects\Projectile</Filter>
    </ClInclude>
    <ClInclude Include="daCameraObject.h">
      <Filter>Objects\Camera</Filter>
    </ClInclude>
    <ClInclude Include="daCameraScript.h">
      <Filter>Objects\Camera</Filter>
    </ClInclude>
    <ClInclude Include="daLoadScenes.h">
      <Filter>Load</Filter>
    </ClInclude>
    <ClInclude Include="daScene_Title.h">
      <Filter>Scenes\01 Title</Filter>
    </ClInclude>
    <ClInclude Include="daScene_Town.h">
      <Filter>Scenes\02 Town</Filter>
    </ClInclude>
    <ClInclude Include="daScene_Dungeon1F.h">
      <Filter>Scenes\03 Dungeon</Filter>
    </ClInclude>
    <ClInclude Include="daScene_Dungeon2F.h">
      <Filter>Scenes\03 Dungeon</Filter>
    </ClInclude>
    <ClInclude Include="daObjecsFastIncludeHeader.h">
      <Filter>Global</Filter>
    </ClInclude>
    <ClInclude Include="daButtonScript.h">
      <Filter>Objects\UI\Button</Filter>
    </ClInclude>
    <ClInclude Include="daCursorScript.h">
      <Filter>Objects\UI\Cursor</Filter>
    </ClInclude>
    <ClInclude Include="daInventoryScript.h">
      <Filter>Objects\UI\Inventory</Filter>
    </ClInclude>
    <ClInclude Include="daGameManagerScript.h">
      <Filter>Global</Filter>
    </ClInclude>
    <ClInclude Include="daOverlayObject.h">
      <Filter>Objects\UI\미정</Filter>
    </ClInclude>
    <ClInclude Include="daUIObject.h">
      <Filter>Objects\UI\base</Filter>
    </ClInclude>
    <ClInclude Include="daUIScript.h">
      <Filter>Objects\UI\base</Filter>
    </ClInclude>
    <ClInclude Include="daGridScript.h">
      <Filter>Objects\UI\Grid</Filter>
    </ClInclude>
    <ClInclude Include="daItemScript.h">
      <Filter>Objects\UI\Inventory</Filter>
    </ClInclude>
  </ItemGroup>
  <ItemGroup>
    <ClCompile Include="David Engine.cpp">
      <Filter>소스 파일</Filter>
    </ClCompile>
    <ClCompile Include="daGameManager.cpp">
      <Filter>Global</Filter>
    </ClCompile>
    <ClCompile Include="daCreatureObject.cpp">
      <Filter>Objects\Creature</Filter>
    </ClCompile>
    <ClCompile Include="daProjectileObject.cpp">
      <Filter>Objects\Projectile</Filter>
    </ClCompile>
    <ClCompile Include="daCameraObject.cpp">
      <Filter>Objects\Camera</Filter>
    </ClCompile>
    <ClCompile Include="daCameraScript.cpp">
      <Filter>Objects\Camera</Filter>
    </ClCompile>
    <ClCompile Include="daScene_Title.cpp">
      <Filter>Scenes\01 Title</Filter>
    </ClCompile>
    <ClCompile Include="daScene_Town.cpp">
      <Filter>Scenes\02 Town</Filter>
    </ClCompile>
    <ClCompile Include="daScene_Dungeon1F.cpp">
      <Filter>Scenes\03 Dungeon</Filter>
    </ClCompile>
    <ClCompile Include="daScene_Dungeon2F.cpp">
      <Filter>Scenes\03 Dungeon</Filter>
    </ClCompile>
    <ClCompile Include="daUIManager.cpp">
      <Filter>소스 파일</Filter>
    </ClCompile>
    <ClCompile Include="daButtonScript.cpp">
      <Filter>Objects\UI\Button</Filter>
    </ClCompile>
    <ClCompile Include="daCursorScript.cpp">
      <Filter>Objects\UI\Cursor</Filter>
    </ClCompile>
    <ClCompile Include="daGameManagerScript.cpp">
      <Filter>Global</Filter>
    </ClCompile>
    <ClCompile Include="daInventoryScript.cpp">
      <Filter>Objects\UI\Inventory</Filter>
    </ClCompile>
    <ClCompile Include="daOverlayObject.cpp">
      <Filter>Objects\UI\미정</Filter>
    </ClCompile>
    <ClCompile Include="daUIObject.cpp">
      <Filter>Objects\UI\base</Filter>
    </ClCompile>
    <ClCompile Include="daUIScript.cpp">
      <Filter>Objects\UI\base</Filter>
    </ClCompile>
    <ClCompile Include="daGridScript.cpp">
      <Filter>Objects\UI\Grid</Filter>
    </ClCompile>
    <ClCompile Include="daItemScript.cpp">
      <Filter>Objects\UI\Inventory</Filter>
    </ClCompile>
  </ItemGroup>
</Project>