<?xml version="1.0" encoding="utf-8"?>
<Project ToolsVersion="4.0" xmlns="http://schemas.microsoft.com/developer/msbuild/2003">
  <ItemGroup>
    <Filter Include="Common">
      <UniqueIdentifier>{18323b07-36cf-41c2-9b4f-e6c920c7c4a9}</UniqueIdentifier>
    </Filter>
    <Filter Include="Graphics">
      <UniqueIdentifier>{fdbb1099-7e89-4571-860f-62b8ced487d4}</UniqueIdentifier>
    </Filter>
    <Filter Include="High Level Interface">
      <UniqueIdentifier>{a3515eab-a266-48b3-95cf-5f3f35b46930}</UniqueIdentifier>
    </Filter>
    <Filter Include="Common\Entity">
      <UniqueIdentifier>{f3046d94-91fa-4575-8c06-5ac06e11d38a}</UniqueIdentifier>
    </Filter>
    <Filter Include="Common\Math">
      <UniqueIdentifier>{22b4f5bd-7efd-4e6b-99a6-8f7a47f5cf6b}</UniqueIdentifier>
    </Filter>
    <Filter Include="Common\Time">
      <UniqueIdentifier>{871695a7-53c6-496e-be83-ddae33511c78}</UniqueIdentifier>
    </Filter>
    <Filter Include="Common\Input">
      <UniqueIdentifier>{f2e5ae15-ddf8-487e-8342-6bf813377a77}</UniqueIdentifier>
    </Filter>
    <Filter Include="Graphics\Buffer">
      <UniqueIdentifier>{1016fc32-42f3-4018-a51e-948262fe3e99}</UniqueIdentifier>
    </Filter>
    <Filter Include="Graphics\Base">
      <UniqueIdentifier>{ffb19cd6-9fe3-4dfc-8b49-aeed8a9ae73e}</UniqueIdentifier>
    </Filter>
    <Filter Include="Graphics\RenderObjects">
      <UniqueIdentifier>{dd4fcdbd-6c49-496b-92e0-b69e84c30d98}</UniqueIdentifier>
    </Filter>
    <Filter Include="Common\Header">
      <UniqueIdentifier>{bd8e1546-a87c-4305-95b9-23860e9e2307}</UniqueIdentifier>
    </Filter>
    <Filter Include="Graphics\Resource">
      <UniqueIdentifier>{42f0267c-f0c1-4ec6-84c6-b4deddc5fe5c}</UniqueIdentifier>
    </Filter>
    <Filter Include="Graphics\Resource\Base">
      <UniqueIdentifier>{5925d4c3-0e83-402f-92e8-826fb7fb2cac}</UniqueIdentifier>
    </Filter>
    <Filter Include="Graphics\Resource\Mesh">
      <UniqueIdentifier>{5110afc4-b0ca-4f56-8b0f-938a212564de}</UniqueIdentifier>
    </Filter>
    <Filter Include="Graphics\Resource\Material">
      <UniqueIdentifier>{be3a9c1b-f3ac-450e-a82b-79416b6c5f8f}</UniqueIdentifier>
    </Filter>
    <Filter Include="Graphics\Resource\Shader">
      <UniqueIdentifier>{c18c5351-3c2e-46f1-ae5f-43a695191a66}</UniqueIdentifier>
    </Filter>
    <Filter Include="Graphics\Resource\Texture">
      <UniqueIdentifier>{c8f35b83-b1cf-4cbb-bff3-2c69fa24c164}</UniqueIdentifier>
    </Filter>
    <Filter Include="System">
      <UniqueIdentifier>{97b33a37-8828-44c3-b453-ba450772aeff}</UniqueIdentifier>
    </Filter>
    <Filter Include="System\Objects">
      <UniqueIdentifier>{46c23c26-967c-49e0-985e-34586d429acb}</UniqueIdentifier>
    </Filter>
    <Filter Include="System\Scene">
      <UniqueIdentifier>{46fd4bd1-1155-4ccd-a3ad-2046835ae239}</UniqueIdentifier>
    </Filter>
    <Filter Include="System\Component">
      <UniqueIdentifier>{7cee5c22-89e2-4dce-84ee-df16f069108d}</UniqueIdentifier>
    </Filter>
    <Filter Include="System\Component\Base">
      <UniqueIdentifier>{b2ca6112-8d1e-4d84-9609-2dc605459ff3}</UniqueIdentifier>
    </Filter>
    <Filter Include="System\Component\Transform">
      <UniqueIdentifier>{be2a6527-992e-4c01-9529-59d74bb4a959}</UniqueIdentifier>
    </Filter>
    <Filter Include="System\Component\Renderer">
      <UniqueIdentifier>{03157561-d664-4024-a0b2-abe712c651a9}</UniqueIdentifier>
    </Filter>
    <Filter Include="System\Component\Camera">
      <UniqueIdentifier>{87d37685-f8e6-4be7-bfb1-a87519d56eda}</UniqueIdentifier>
    </Filter>
    <Filter Include="System\Component\Rigidbody">
      <UniqueIdentifier>{11b6a4ba-fdde-4e86-a39b-216372b410e3}</UniqueIdentifier>
    </Filter>
    <Filter Include="System\Component\TimeConstants">
      <UniqueIdentifier>{54b03e56-68ff-4f86-86ba-6e4ff7baa8e3}</UniqueIdentifier>
    </Filter>
    <Filter Include="System\Component\Collider">
      <UniqueIdentifier>{9409970f-45e4-4ca4-948f-fa54f5e27ef7}</UniqueIdentifier>
    </Filter>
    <Filter Include="System\Manager">
      <UniqueIdentifier>{dc9c9783-7635-4c4c-9e12-192ea02af9b0}</UniqueIdentifier>
    </Filter>
    <Filter Include="System\Component\Animator">
      <UniqueIdentifier>{52e8edf9-9330-43d4-bb4c-241df2077f6a}</UniqueIdentifier>
    </Filter>
    <Filter Include="Graphics\Resource\Animation">
      <UniqueIdentifier>{a91eec0f-663d-4e5f-aaf9-e3d28c31332c}</UniqueIdentifier>
    </Filter>
    <Filter Include="System\Component\Light">
      <UniqueIdentifier>{d9b4e6d2-1435-456e-ae62-f38a5d4d79ee}</UniqueIdentifier>
    </Filter>
  </ItemGroup>
  <ItemGroup>
    <ClInclude Include="$(MSBuildThisFileDirectory)daMath.h">
      <Filter>Common\Math</Filter>
    </ClInclude>
    <ClInclude Include="$(MSBuildThisFileDirectory)daEntity.h">
      <Filter>Common\Entity</Filter>
    </ClInclude>
    <ClInclude Include="$(MSBuildThisFileDirectory)daTime.h">
      <Filter>Common\Time</Filter>
    </ClInclude>
    <ClInclude Include="$(MSBuildThisFileDirectory)daApplication.h">
      <Filter>High Level Interface</Filter>
    </ClInclude>
    <ClInclude Include="$(MSBuildThisFileDirectory)daInput.h">
      <Filter>Common\Input</Filter>
    </ClInclude>
    <ClInclude Include="$(MSBuildThisFileDirectory)daShader.h">
      <Filter>Graphics\Resource\Shader</Filter>
    </ClInclude>
    <ClInclude Include="$(MSBuildThisFileDirectory)daMesh.h">
      <Filter>Graphics\Resource\Mesh</Filter>
    </ClInclude>
    <ClInclude Include="$(MSBuildThisFileDirectory)daTexture.h">
      <Filter>Graphics\Resource\Texture</Filter>
    </ClInclude>
    <ClInclude Include="$(MSBuildThisFileDirectory)daMaterial.h">
      <Filter>Graphics\Resource\Material</Filter>
    </ClInclude>
    <ClInclude Include="$(MSBuildThisFileDirectory)daComponent.h">
      <Filter>System\Component\Base</Filter>
    </ClInclude>
    <ClInclude Include="$(MSBuildThisFileDirectory)daScript.h">
      <Filter>System\Component\Base</Filter>
    </ClInclude>
    <ClInclude Include="$(MSBuildThisFileDirectory)daTransform.h">
      <Filter>System\Component\Transform</Filter>
    </ClInclude>
    <ClInclude Include="$(MSBuildThisFileDirectory)daMeshRenderer.h">
      <Filter>System\Component\Renderer</Filter>
    </ClInclude>
    <ClInclude Include="$(MSBuildThisFileDirectory)daCamera.h">
      <Filter>System\Component\Camera</Filter>
    </ClInclude>
    <ClInclude Include="$(MSBuildThisFileDirectory)daConstantBuffer.h">
      <Filter>Graphics\Buffer</Filter>
    </ClInclude>
    <ClInclude Include="$(MSBuildThisFileDirectory)daGraphicDevice Dx11.h">
      <Filter>Graphics\Base</Filter>
    </ClInclude>
    <ClInclude Include="$(MSBuildThisFileDirectory)daGraphics.h">
      <Filter>Graphics\Base</Filter>
    </ClInclude>
    <ClInclude Include="$(MSBuildThisFileDirectory)daRenderer.h">
      <Filter>Graphics\RenderObjects</Filter>
    </ClInclude>
    <ClInclude Include="$(MSBuildThisFileDirectory)daScene.h">
      <Filter>System\Scene</Filter>
    </ClInclude>
    <ClInclude Include="$(MSBuildThisFileDirectory)CommonInclude.h">
      <Filter>Common\Header</Filter>
    </ClInclude>
    <ClInclude Include="$(MSBuildThisFileDirectory)daEnums.h">
      <Filter>Common\Header</Filter>
    </ClInclude>
    <ClInclude Include="$(MSBuildThisFileDirectory)David Engine.h">
      <Filter>Common\Header</Filter>
    </ClInclude>
    <ClInclude Include="$(MSBuildThisFileDirectory)daGameObject.h">
      <Filter>System\Objects</Filter>
    </ClInclude>
    <ClInclude Include="$(MSBuildThisFileDirectory)daLayer.h">
      <Filter>System\Objects</Filter>
    </ClInclude>
    <ClInclude Include="$(MSBuildThisFileDirectory)daObjects.h">
      <Filter>System\Objects</Filter>
    </ClInclude>
    <ClInclude Include="$(MSBuildThisFileDirectory)daTimeConstants.h">
      <Filter>System\Component\TimeConstants</Filter>
    </ClInclude>
    <ClInclude Include="$(MSBuildThisFileDirectory)daRigidbody.h">
      <Filter>System\Component\Rigidbody</Filter>
    </ClInclude>
    <ClInclude Include="$(MSBuildThisFileDirectory)daResource.h">
      <Filter>Graphics\Resource\Base</Filter>
    </ClInclude>
    <ClInclude Include="$(MSBuildThisFileDirectory)daResources.h">
      <Filter>Graphics\Resource\Base</Filter>
    </ClInclude>
    <ClInclude Include="$(MSBuildThisFileDirectory)daStructs.h">
      <Filter>Common\Header</Filter>
    </ClInclude>
    <ClInclude Include="$(MSBuildThisFileDirectory)..\David Engine\daObjectsFastIncludeHeader.h">
      <Filter>System\Objects</Filter>
    </ClInclude>
    <ClInclude Include="$(MSBuildThisFileDirectory)daCollider2D.h">
      <Filter>System\Component\Collider</Filter>
    </ClInclude>
    <ClInclude Include="$(MSBuildThisFileDirectory)daSceneManager.h">
      <Filter>System\Manager</Filter>
    </ClInclude>
    <ClInclude Include="$(MSBuildThisFileDirectory)daCollisionManager.h">
      <Filter>System\Manager</Filter>
    </ClInclude>
    <ClInclude Include="$(MSBuildThisFileDirectory)daAnimator.h">
      <Filter>System\Component\Animator</Filter>
    </ClInclude>
    <ClInclude Include="$(MSBuildThisFileDirectory)daAnimation.h">
      <Filter>Graphics\Resource\Animation</Filter>
    </ClInclude>
    <ClInclude Include="$(MSBuildThisFileDirectory)daLight.h">
      <Filter>System\Component\Light</Filter>
    </ClInclude>
    <ClInclude Include="$(MSBuildThisFileDirectory)daStructuredBuffer.h">
      <Filter>Graphics\Buffer</Filter>
    </ClInclude>
    <ClInclude Include="$(MSBuildThisFileDirectory)daComputeShader.h" />
    <ClInclude Include="$(MSBuildThisFileDirectory)daPaintShader.h" />
    <ClInclude Include="$(MSBuildThisFileDirectory)daParticleRenderer.h" />
    <ClInclude Include="$(MSBuildThisFileDirectory)daParticleShader.h" />
  </ItemGroup>
  <ItemGroup>
    <ClCompile Include="$(MSBuildThisFileDirectory)daMath.cpp">
      <Filter>Common\Math</Filter>
    </ClCompile>
    <ClCompile Include="$(MSBuildThisFileDirectory)daTime.cpp">
      <Filter>Common\Time</Filter>
    </ClCompile>
    <ClCompile Include="$(MSBuildThisFileDirectory)daEntity.cpp">
      <Filter>Common\Entity</Filter>
    </ClCompile>
    <ClCompile Include="$(MSBuildThisFileDirectory)daInput.cpp">
      <Filter>Common\Input</Filter>
    </ClCompile>
    <ClCompile Include="$(MSBuildThisFileDirectory)daApplication.cpp">
      <Filter>High Level Interface</Filter>
    </ClCompile>
    <ClCompile Include="$(MSBuildThisFileDirectory)daShader.cpp">
      <Filter>Graphics\Resource\Shader</Filter>
    </ClCompile>
    <ClCompile Include="$(MSBuildThisFileDirectory)daMesh.cpp">
      <Filter>Graphics\Resource\Mesh</Filter>
    </ClCompile>
    <ClCompile Include="$(MSBuildThisFileDirectory)daTexture.cpp">
      <Filter>Graphics\Resource\Texture</Filter>
    </ClCompile>
    <ClCompile Include="$(MSBuildThisFileDirectory)daMaterial.cpp">
      <Filter>Graphics\Resource\Material</Filter>
    </ClCompile>
    <ClCompile Include="$(MSBuildThisFileDirectory)daComponent.cpp">
      <Filter>System\Component\Base</Filter>
    </ClCompile>
    <ClCompile Include="$(MSBuildThisFileDirectory)daScript.cpp">
      <Filter>System\Component\Base</Filter>
    </ClCompile>
    <ClCompile Include="$(MSBuildThisFileDirectory)daTransform.cpp">
      <Filter>System\Component\Transform</Filter>
    </ClCompile>
    <ClCompile Include="$(MSBuildThisFileDirectory)daMeshRenderer.cpp">
      <Filter>System\Component\Renderer</Filter>
    </ClCompile>
    <ClCompile Include="$(MSBuildThisFileDirectory)daCamera.cpp">
      <Filter>System\Component\Camera</Filter>
    </ClCompile>
    <ClCompile Include="$(MSBuildThisFileDirectory)daConstantBuffer.cpp">
      <Filter>Graphics\Buffer</Filter>
    </ClCompile>
    <ClCompile Include="$(MSBuildThisFileDirectory)daGraphicDevice Dx11.cpp">
      <Filter>Graphics\Base</Filter>
    </ClCompile>
    <ClCompile Include="$(MSBuildThisFileDirectory)daRenderer.cpp">
      <Filter>Graphics\RenderObjects</Filter>
    </ClCompile>
    <ClCompile Include="$(MSBuildThisFileDirectory)daScene.cpp">
      <Filter>System\Scene</Filter>
    </ClCompile>
    <ClCompile Include="$(MSBuildThisFileDirectory)daGameObject.cpp">
      <Filter>System\Objects</Filter>
    </ClCompile>
    <ClCompile Include="$(MSBuildThisFileDirectory)daLayer.cpp">
      <Filter>System\Objects</Filter>
    </ClCompile>
    <ClCompile Include="$(MSBuildThisFileDirectory)daTimeConstants.cpp">
      <Filter>System\Component\TimeConstants</Filter>
    </ClCompile>
    <ClCompile Include="$(MSBuildThisFileDirectory)daRigidbody.cpp">
      <Filter>System\Component\Rigidbody</Filter>
    </ClCompile>
    <ClCompile Include="$(MSBuildThisFileDirectory)daResource.cpp">
      <Filter>Graphics\Resource\Base</Filter>
    </ClCompile>
    <ClCompile Include="$(MSBuildThisFileDirectory)daResources.cpp">
      <Filter>Graphics\Resource\Base</Filter>
    </ClCompile>
    <ClCompile Include="$(MSBuildThisFileDirectory)daCollider2D.cpp">
      <Filter>System\Component\Collider</Filter>
    </ClCompile>
    <ClCompile Include="$(MSBuildThisFileDirectory)daSceneManager.cpp">
      <Filter>System\Manager</Filter>
    </ClCompile>
    <ClCompile Include="$(MSBuildThisFileDirectory)daCollisionManager.cpp">
      <Filter>System\Manager</Filter>
    </ClCompile>
    <ClCompile Include="$(MSBuildThisFileDirectory)daAnimator.cpp">
      <Filter>System\Component\Animator</Filter>
    </ClCompile>
    <ClCompile Include="$(MSBuildThisFileDirectory)daAnimation.cpp">
      <Filter>Graphics\Resource\Animation</Filter>
    </ClCompile>
    <ClCompile Include="$(MSBuildThisFileDirectory)daLight.cpp">
      <Filter>System\Component\Light</Filter>
    </ClCompile>
    <ClCompile Include="$(MSBuildThisFileDirectory)daStructuredBuffer.cpp">
      <Filter>Graphics\Buffer</Filter>
    </ClCompile>
    <ClCompile Include="$(MSBuildThisFileDirectory)daComputeShader.cpp" />
    <ClCompile Include="$(MSBuildThisFileDirectory)daPaintShader.cpp" />
    <ClCompile Include="$(MSBuildThisFileDirectory)daParticleRenderer.cpp" />
    <ClCompile Include="$(MSBuildThisFileDirectory)daParticleShader.cpp" />
  </ItemGroup>
  <ItemGroup>
    <None Include="$(MSBuildThisFileDirectory)daMath.inl">
      <Filter>Common\Math</Filter>
    </None>
  </ItemGroup>
</Project>