<?xml version="1.0" encoding="utf-8"?>
<Project ToolsVersion="4.0" xmlns="http://schemas.microsoft.com/developer/msbuild/2003">
  <ItemGroup>
    <Filter Include="Common">
      <UniqueIdentifier>{18323b07-36cf-41c2-9b4f-e6c920c7c4a9}</UniqueIdentifier>
    </Filter>
    <Filter Include="Graphics">
      <UniqueIdentifier>{fdbb1099-7e89-4571-860f-62b8ced487d4}</UniqueIdentifier>
    </Filter>
    <Filter Include="High Level Interface">
      <UniqueIdentifier>{a3515eab-a266-48b3-95cf-5f3f35b46930}</UniqueIdentifier>
    </Filter>
    <Filter Include="Resource">
      <UniqueIdentifier>{42f0267c-f0c1-4ec6-84c6-b4deddc5fe5c}</UniqueIdentifier>
    </Filter>
    <Filter Include="Common\Entity">
      <UniqueIdentifier>{f3046d94-91fa-4575-8c06-5ac06e11d38a}</UniqueIdentifier>
    </Filter>
    <Filter Include="Common\Math">
      <UniqueIdentifier>{22b4f5bd-7efd-4e6b-99a6-8f7a47f5cf6b}</UniqueIdentifier>
    </Filter>
    <Filter Include="Common\Time">
      <UniqueIdentifier>{871695a7-53c6-496e-be83-ddae33511c78}</UniqueIdentifier>
    </Filter>
    <Filter Include="Common\Input">
      <UniqueIdentifier>{f2e5ae15-ddf8-487e-8342-6bf813377a77}</UniqueIdentifier>
    </Filter>
    <Filter Include="Resource\Base">
      <UniqueIdentifier>{fd309283-a472-4d8c-8d9b-4a58abfa49e1}</UniqueIdentifier>
    </Filter>
    <Filter Include="Resource\Mesh">
      <UniqueIdentifier>{5110afc4-b0ca-4f56-8b0f-938a212564de}</UniqueIdentifier>
    </Filter>
    <Filter Include="Resource\Shader">
      <UniqueIdentifier>{c18c5351-3c2e-46f1-ae5f-43a695191a66}</UniqueIdentifier>
    </Filter>
    <Filter Include="Scene">
      <UniqueIdentifier>{46fd4bd1-1155-4ccd-a3ad-2046835ae239}</UniqueIdentifier>
    </Filter>
    <Filter Include="Objects">
      <UniqueIdentifier>{46c23c26-967c-49e0-985e-34586d429acb}</UniqueIdentifier>
    </Filter>
    <Filter Include="Scene\Content">
      <UniqueIdentifier>{c27438e5-e2d2-4198-a21e-da894f1c9e6a}</UniqueIdentifier>
    </Filter>
    <Filter Include="Scene\Base">
      <UniqueIdentifier>{eacf48b2-46b0-4c68-93c9-74f593ae4bc4}</UniqueIdentifier>
    </Filter>
    <Filter Include="Objects\Base">
      <UniqueIdentifier>{32275d09-31f5-4d9c-876f-a9d99b89cf48}</UniqueIdentifier>
    </Filter>
    <Filter Include="Component">
      <UniqueIdentifier>{7cee5c22-89e2-4dce-84ee-df16f069108d}</UniqueIdentifier>
    </Filter>
    <Filter Include="Resource\Texture">
      <UniqueIdentifier>{c8f35b83-b1cf-4cbb-bff3-2c69fa24c164}</UniqueIdentifier>
    </Filter>
  </ItemGroup>
  <ItemGroup>
    <ClInclude Include="$(MSBuildThisFileDirectory)CommonInclude.h">
      <Filter>Common</Filter>
    </ClInclude>
    <ClInclude Include="$(MSBuildThisFileDirectory)daEnums.h">
      <Filter>Common</Filter>
    </ClInclude>
    <ClInclude Include="$(MSBuildThisFileDirectory)David Engine.h">
      <Filter>Common</Filter>
    </ClInclude>
    <ClInclude Include="$(MSBuildThisFileDirectory)daMath.h">
      <Filter>Common\Math</Filter>
    </ClInclude>
    <ClInclude Include="$(MSBuildThisFileDirectory)daEntity.h">
      <Filter>Common\Entity</Filter>
    </ClInclude>
    <ClInclude Include="$(MSBuildThisFileDirectory)daTime.h">
      <Filter>Common\Time</Filter>
    </ClInclude>
    <ClInclude Include="$(MSBuildThisFileDirectory)daApplication.h">
      <Filter>High Level Interface</Filter>
    </ClInclude>
    <ClInclude Include="$(MSBuildThisFileDirectory)daInput.h">
      <Filter>Common\Input</Filter>
    </ClInclude>
    <ClInclude Include="$(MSBuildThisFileDirectory)daGraphicDevice Dx11.h">
      <Filter>Graphics</Filter>
    </ClInclude>
    <ClInclude Include="$(MSBuildThisFileDirectory)daRenderer.h">
      <Filter>Graphics</Filter>
    </ClInclude>
    <ClInclude Include="$(MSBuildThisFileDirectory)daGraphics.h">
      <Filter>Graphics</Filter>
    </ClInclude>
    <ClInclude Include="$(MSBuildThisFileDirectory)daResource.h">
      <Filter>Resource\Base</Filter>
    </ClInclude>
    <ClInclude Include="$(MSBuildThisFileDirectory)daResources.h">
      <Filter>Resource\Base</Filter>
    </ClInclude>
    <ClInclude Include="$(MSBuildThisFileDirectory)daShader.h">
      <Filter>Resource\Shader</Filter>
    </ClInclude>
    <ClInclude Include="$(MSBuildThisFileDirectory)daMesh.h">
      <Filter>Resource\Mesh</Filter>
    </ClInclude>
    <ClInclude Include="$(MSBuildThisFileDirectory)daConstantBuffer.h">
      <Filter>Graphics</Filter>
    </ClInclude>
    <ClInclude Include="$(MSBuildThisFileDirectory)daPlayScene.h">
      <Filter>Scene\Content</Filter>
    </ClInclude>
    <ClInclude Include="$(MSBuildThisFileDirectory)daScene.h">
      <Filter>Scene\Base</Filter>
    </ClInclude>
    <ClInclude Include="$(MSBuildThisFileDirectory)daSceneManager.h">
      <Filter>Scene\Base</Filter>
    </ClInclude>
    <ClInclude Include="$(MSBuildThisFileDirectory)daGameObject.h">
      <Filter>Objects\Base</Filter>
    </ClInclude>
    <ClInclude Include="$(MSBuildThisFileDirectory)daLayer.h">
      <Filter>Objects\Base</Filter>
    </ClInclude>
    <ClInclude Include="$(MSBuildThisFileDirectory)daComponent.h">
      <Filter>Component</Filter>
    </ClInclude>
    <ClInclude Include="$(MSBuildThisFileDirectory)daTransform.h">
      <Filter>Component</Filter>
    </ClInclude>
    <ClInclude Include="$(MSBuildThisFileDirectory)daMeshRenderer.h" />
    <ClInclude Include="$(MSBuildThisFileDirectory)daTexture.h">
      <Filter>Resource\Texture</Filter>
    </ClInclude>
  </ItemGroup>
  <ItemGroup>
    <ClCompile Include="$(MSBuildThisFileDirectory)daMath.cpp">
      <Filter>Common\Math</Filter>
    </ClCompile>
    <ClCompile Include="$(MSBuildThisFileDirectory)daTime.cpp">
      <Filter>Common\Time</Filter>
    </ClCompile>
    <ClCompile Include="$(MSBuildThisFileDirectory)daEntity.cpp">
      <Filter>Common\Entity</Filter>
    </ClCompile>
    <ClCompile Include="$(MSBuildThisFileDirectory)daInput.cpp">
      <Filter>Common\Input</Filter>
    </ClCompile>
    <ClCompile Include="$(MSBuildThisFileDirectory)daApplication.cpp">
      <Filter>High Level Interface</Filter>
    </ClCompile>
    <ClCompile Include="$(MSBuildThisFileDirectory)daGraphicDevice Dx11.cpp">
      <Filter>Graphics</Filter>
    </ClCompile>
    <ClCompile Include="$(MSBuildThisFileDirectory)daRenderer.cpp">
      <Filter>Graphics</Filter>
    </ClCompile>
    <ClCompile Include="$(MSBuildThisFileDirectory)daResource.cpp">
      <Filter>Resource\Base</Filter>
    </ClCompile>
    <ClCompile Include="$(MSBuildThisFileDirectory)daResources.cpp">
      <Filter>Resource\Base</Filter>
    </ClCompile>
    <ClCompile Include="$(MSBuildThisFileDirectory)daShader.cpp">
      <Filter>Resource\Shader</Filter>
    </ClCompile>
    <ClCompile Include="$(MSBuildThisFileDirectory)daMesh.cpp">
      <Filter>Resource\Mesh</Filter>
    </ClCompile>
    <ClCompile Include="$(MSBuildThisFileDirectory)daConstantBuffer.cpp">
      <Filter>Graphics</Filter>
    </ClCompile>
    <ClCompile Include="$(MSBuildThisFileDirectory)daScene.cpp">
      <Filter>Scene\Base</Filter>
    </ClCompile>
    <ClCompile Include="$(MSBuildThisFileDirectory)daSceneManager.cpp">
      <Filter>Scene\Base</Filter>
    </ClCompile>
    <ClCompile Include="$(MSBuildThisFileDirectory)daPlayScene.cpp">
      <Filter>Scene\Content</Filter>
    </ClCompile>
    <ClCompile Include="$(MSBuildThisFileDirectory)daGameObject.cpp">
      <Filter>Objects\Base</Filter>
    </ClCompile>
    <ClCompile Include="$(MSBuildThisFileDirectory)daLayer.cpp">
      <Filter>Objects\Base</Filter>
    </ClCompile>
    <ClCompile Include="$(MSBuildThisFileDirectory)daComponent.cpp">
      <Filter>Component</Filter>
    </ClCompile>
    <ClCompile Include="$(MSBuildThisFileDirectory)daTransform.cpp">
      <Filter>Component</Filter>
    </ClCompile>
    <ClCompile Include="$(MSBuildThisFileDirectory)daMeshRenderer.cpp" />
    <ClCompile Include="$(MSBuildThisFileDirectory)daTexture.cpp" />
  </ItemGroup>
  <ItemGroup>
    <None Include="$(MSBuildThisFileDirectory)daMath.inl">
      <Filter>Common\Math</Filter>
    </None>
  </ItemGroup>
</Project>